// !$*UTF8*$!
{
	archiveVersion = 1;
	classes = {
	};
	objectVersion = 50;
	objects = {

/* Begin PBXBuildFile section */
		585AA09425AE808600D5F5A5 /* main.swift in Sources */ = {isa = PBXBuildFile; fileRef = 585AA09325AE808600D5F5A5 /* main.swift */; };
		585AA0B325AE902D00D5F5A5 /* JToken.swift in Sources */ = {isa = PBXBuildFile; fileRef = 585AA0B225AE902D00D5F5A5 /* JToken.swift */; };
		585AA0B625AE904400D5F5A5 /* JTokenizer.swift in Sources */ = {isa = PBXBuildFile; fileRef = 585AA0B525AE904400D5F5A5 /* JTokenizer.swift */; };
		585AA0BB25AE977500D5F5A5 /* StringExtensions.swift in Sources */ = {isa = PBXBuildFile; fileRef = 585AA0BA25AE977500D5F5A5 /* StringExtensions.swift */; };
		5880F10825B3E1C60085C46D /* OCParser.swift in Sources */ = {isa = PBXBuildFile; fileRef = 5880F10325B3E1C60085C46D /* OCParser.swift */; };
		5880F10925B3E1C60085C46D /* OCAST.swift in Sources */ = {isa = PBXBuildFile; fileRef = 5880F10425B3E1C60085C46D /* OCAST.swift */; };
		5880F10A25B3E1C60085C46D /* OCToken.swift in Sources */ = {isa = PBXBuildFile; fileRef = 5880F10525B3E1C60085C46D /* OCToken.swift */; };
		5880F10B25B3E1C60085C46D /* OCLexer.swift in Sources */ = {isa = PBXBuildFile; fileRef = 5880F10625B3E1C60085C46D /* OCLexer.swift */; };
		5880F10C25B3E1C60085C46D /* OCArithmetics.swift in Sources */ = {isa = PBXBuildFile; fileRef = 5880F10725B3E1C60085C46D /* OCArithmetics.swift */; };
		5880F10F25B3E2CD0085C46D /* OCInterpreter.swift in Sources */ = {isa = PBXBuildFile; fileRef = 5880F10E25B3E2CD0085C46D /* OCInterpreter.swift */; };
		5880F11725B46C4B0085C46D /* OCSymbol.swift in Sources */ = {isa = PBXBuildFile; fileRef = 5880F11625B46C4B0085C46D /* OCSymbol.swift */; };
		58B9ECBB25B294B600F1390D /* CodeGeneratorFromJSToOC.swift in Sources */ = {isa = PBXBuildFile; fileRef = 58B9ECBA25B294B600F1390D /* CodeGeneratorFromJSToOC.swift */; };
		58ED5AA425AFD391000A5F9F /* JNode.swift in Sources */ = {isa = PBXBuildFile; fileRef = 58ED5AA325AFD391000A5F9F /* JNode.swift */; };
		58ED5AA825AFD506000A5F9F /* JParser.swift in Sources */ = {isa = PBXBuildFile; fileRef = 58ED5AA725AFD506000A5F9F /* JParser.swift */; };
		58ED5AAB25AFE769000A5F9F /* JTraverser.swift in Sources */ = {isa = PBXBuildFile; fileRef = 58ED5AAA25AFE769000A5F9F /* JTraverser.swift */; };
		58ED5AAE25AFECDB000A5F9F /* JTransformer.swift in Sources */ = {isa = PBXBuildFile; fileRef = 58ED5AAD25AFECDB000A5F9F /* JTransformer.swift */; };
/* End PBXBuildFile section */

/* Begin PBXCopyFilesBuildPhase section */
		585AA08E25AE808600D5F5A5 /* CopyFiles */ = {
			isa = PBXCopyFilesBuildPhase;
			buildActionMask = 2147483647;
			dstPath = /usr/share/man/man1/;
			dstSubfolderSpec = 0;
			files = (
			);
			runOnlyForDeploymentPostprocessing = 1;
		};
/* End PBXCopyFilesBuildPhase section */

/* Begin PBXFileReference section */
		585AA09025AE808600D5F5A5 /* OCStaticAnalysis */ = {isa = PBXFileReference; explicitFileType = "compiled.mach-o.executable"; includeInIndex = 0; path = OCStaticAnalysis; sourceTree = BUILT_PRODUCTS_DIR; };
		585AA09325AE808600D5F5A5 /* main.swift */ = {isa = PBXFileReference; lastKnownFileType = sourcecode.swift; path = main.swift; sourceTree = "<group>"; };
		585AA0B225AE902D00D5F5A5 /* JToken.swift */ = {isa = PBXFileReference; lastKnownFileType = sourcecode.swift; path = JToken.swift; sourceTree = "<group>"; };
		585AA0B525AE904400D5F5A5 /* JTokenizer.swift */ = {isa = PBXFileReference; lastKnownFileType = sourcecode.swift; path = JTokenizer.swift; sourceTree = "<group>"; };
		585AA0BA25AE977500D5F5A5 /* StringExtensions.swift */ = {isa = PBXFileReference; lastKnownFileType = sourcecode.swift; path = StringExtensions.swift; sourceTree = "<group>"; };
		5880F10325B3E1C60085C46D /* OCParser.swift */ = {isa = PBXFileReference; fileEncoding = 4; lastKnownFileType = sourcecode.swift; path = OCParser.swift; sourceTree = "<group>"; };
		5880F10425B3E1C60085C46D /* OCAST.swift */ = {isa = PBXFileReference; fileEncoding = 4; lastKnownFileType = sourcecode.swift; path = OCAST.swift; sourceTree = "<group>"; };
		5880F10525B3E1C60085C46D /* OCToken.swift */ = {isa = PBXFileReference; fileEncoding = 4; lastKnownFileType = sourcecode.swift; path = OCToken.swift; sourceTree = "<group>"; };
		5880F10625B3E1C60085C46D /* OCLexer.swift */ = {isa = PBXFileReference; fileEncoding = 4; lastKnownFileType = sourcecode.swift; path = OCLexer.swift; sourceTree = "<group>"; };
		5880F10725B3E1C60085C46D /* OCArithmetics.swift */ = {isa = PBXFileReference; fileEncoding = 4; lastKnownFileType = sourcecode.swift; path = OCArithmetics.swift; sourceTree = "<group>"; };
		5880F10E25B3E2CD0085C46D /* OCInterpreter.swift */ = {isa = PBXFileReference; lastKnownFileType = sourcecode.swift; path = OCInterpreter.swift; sourceTree = "<group>"; };
		5880F11125B3E82B0085C46D /* OurClass.m */ = {isa = PBXFileReference; lastKnownFileType = sourcecode.c.objc; path = OurClass.m; sourceTree = "<group>"; };
		5880F11625B46C4B0085C46D /* OCSymbol.swift */ = {isa = PBXFileReference; lastKnownFileType = sourcecode.swift; path = OCSymbol.swift; sourceTree = "<group>"; };
		58B9ECBA25B294B600F1390D /* CodeGeneratorFromJSToOC.swift */ = {isa = PBXFileReference; lastKnownFileType = sourcecode.swift; path = CodeGeneratorFromJSToOC.swift; sourceTree = "<group>"; };
		58ED5AA325AFD391000A5F9F /* JNode.swift */ = {isa = PBXFileReference; lastKnownFileType = sourcecode.swift; path = JNode.swift; sourceTree = "<group>"; };
		58ED5AA725AFD506000A5F9F /* JParser.swift */ = {isa = PBXFileReference; lastKnownFileType = sourcecode.swift; path = JParser.swift; sourceTree = "<group>"; };
		58ED5AAA25AFE769000A5F9F /* JTraverser.swift */ = {isa = PBXFileReference; lastKnownFileType = sourcecode.swift; path = JTraverser.swift; sourceTree = "<group>"; };
		58ED5AAD25AFECDB000A5F9F /* JTransformer.swift */ = {isa = PBXFileReference; lastKnownFileType = sourcecode.swift; path = JTransformer.swift; sourceTree = "<group>"; };
/* End PBXFileReference section */

/* Begin PBXFrameworksBuildPhase section */
		585AA08D25AE808600D5F5A5 /* Frameworks */ = {
			isa = PBXFrameworksBuildPhase;
			buildActionMask = 2147483647;
			files = (
			);
			runOnlyForDeploymentPostprocessing = 0;
		};
/* End PBXFrameworksBuildPhase section */

/* Begin PBXGroup section */
		585AA08725AE808600D5F5A5 = {
			isa = PBXGroup;
			children = (
				585AA09225AE808600D5F5A5 /* OCStaticAnalysis */,
				585AA09125AE808600D5F5A5 /* Products */,
			);
			sourceTree = "<group>";
		};
		585AA09125AE808600D5F5A5 /* Products */ = {
			isa = PBXGroup;
			children = (
				585AA09025AE808600D5F5A5 /* OCStaticAnalysis */,
			);
			name = Products;
			sourceTree = "<group>";
		};
		585AA09225AE808600D5F5A5 /* OCStaticAnalysis */ = {
			isa = PBXGroup;
			children = (
				5880F10225B3E1C60085C46D /* OCAnalysis */,
				585AA09325AE808600D5F5A5 /* main.swift */,
				585ED05525B3DE4300FE58DD /* LangTransformerDemo */,
				5880F11125B3E82B0085C46D /* OurClass.m */,
			);
			path = OCStaticAnalysis;
			sourceTree = "<group>";
		};
		585ED05525B3DE4300FE58DD /* LangTransformerDemo */ = {
			isa = PBXGroup;
			children = (
				585AA0B225AE902D00D5F5A5 /* JToken.swift */,
				585AA0B525AE904400D5F5A5 /* JTokenizer.swift */,
				585AA0BA25AE977500D5F5A5 /* StringExtensions.swift */,
				58ED5AA325AFD391000A5F9F /* JNode.swift */,
				58ED5AA725AFD506000A5F9F /* JParser.swift */,
				58ED5AAD25AFECDB000A5F9F /* JTransformer.swift */,
				58ED5AAA25AFE769000A5F9F /* JTraverser.swift */,
				58B9ECBA25B294B600F1390D /* CodeGeneratorFromJSToOC.swift */,
			);
			path = LangTransformerDemo;
			sourceTree = "<group>";
		};
		5880F10225B3E1C60085C46D /* OCAnalysis */ = {
			isa = PBXGroup;
			children = (
				5880F11525B46C300085C46D /* StaticAnalyzer */,
				5880F10325B3E1C60085C46D /* OCParser.swift */,
				5880F10425B3E1C60085C46D /* OCAST.swift */,
				5880F10E25B3E2CD0085C46D /* OCInterpreter.swift */,
				5880F10525B3E1C60085C46D /* OCToken.swift */,
				5880F10625B3E1C60085C46D /* OCLexer.swift */,
				5880F10725B3E1C60085C46D /* OCArithmetics.swift */,
			);
			path = OCAnalysis;
			sourceTree = "<group>";
		};
		5880F11525B46C300085C46D /* StaticAnalyzer */ = {
			isa = PBXGroup;
			children = (
				5880F11625B46C4B0085C46D /* OCSymbol.swift */,
			);
			path = StaticAnalyzer;
			sourceTree = "<group>";
		};
/* End PBXGroup section */

/* Begin PBXNativeTarget section */
		585AA08F25AE808600D5F5A5 /* OCStaticAnalysis */ = {
			isa = PBXNativeTarget;
			buildConfigurationList = 585AA09725AE808700D5F5A5 /* Build configuration list for PBXNativeTarget "OCStaticAnalysis" */;
			buildPhases = (
				585AA08C25AE808600D5F5A5 /* Sources */,
				585AA08D25AE808600D5F5A5 /* Frameworks */,
				585AA08E25AE808600D5F5A5 /* CopyFiles */,
			);
			buildRules = (
			);
			dependencies = (
			);
			name = OCStaticAnalysis;
			productName = OCStaticAnalysis;
			productReference = 585AA09025AE808600D5F5A5 /* OCStaticAnalysis */;
			productType = "com.apple.product-type.tool";
		};
/* End PBXNativeTarget section */

/* Begin PBXProject section */
		585AA08825AE808600D5F5A5 /* Project object */ = {
			isa = PBXProject;
			attributes = {
				LastSwiftUpdateCheck = 1230;
				LastUpgradeCheck = 1230;
				TargetAttributes = {
					585AA08F25AE808600D5F5A5 = {
						CreatedOnToolsVersion = 12.3;
						LastSwiftMigration = 1230;
					};
				};
			};
			buildConfigurationList = 585AA08B25AE808600D5F5A5 /* Build configuration list for PBXProject "OCStaticAnalysis" */;
			compatibilityVersion = "Xcode 9.3";
			developmentRegion = en;
			hasScannedForEncodings = 0;
			knownRegions = (
				en,
				Base,
			);
			mainGroup = 585AA08725AE808600D5F5A5;
			productRefGroup = 585AA09125AE808600D5F5A5 /* Products */;
			projectDirPath = "";
			projectRoot = "";
			targets = (
				585AA08F25AE808600D5F5A5 /* OCStaticAnalysis */,
			);
		};
/* End PBXProject section */

/* Begin PBXSourcesBuildPhase section */
		585AA08C25AE808600D5F5A5 /* Sources */ = {
			isa = PBXSourcesBuildPhase;
			buildActionMask = 2147483647;
			files = (
				585AA0BB25AE977500D5F5A5 /* StringExtensions.swift in Sources */,
				5880F11725B46C4B0085C46D /* OCSymbol.swift in Sources */,
				58ED5AA825AFD506000A5F9F /* JParser.swift in Sources */,
				5880F10F25B3E2CD0085C46D /* OCInterpreter.swift in Sources */,
				5880F10825B3E1C60085C46D /* OCParser.swift in Sources */,
				58B9ECBB25B294B600F1390D /* CodeGeneratorFromJSToOC.swift in Sources */,
				58ED5AAE25AFECDB000A5F9F /* JTransformer.swift in Sources */,
				585AA0B325AE902D00D5F5A5 /* JToken.swift in Sources */,
				58ED5AAB25AFE769000A5F9F /* JTraverser.swift in Sources */,
				585AA0B625AE904400D5F5A5 /* JTokenizer.swift in Sources */,
				585AA09425AE808600D5F5A5 /* main.swift in Sources */,
				5880F10B25B3E1C60085C46D /* OCLexer.swift in Sources */,
				58ED5AA425AFD391000A5F9F /* JNode.swift in Sources */,
				5880F10C25B3E1C60085C46D /* OCArithmetics.swift in Sources */,
				5880F10925B3E1C60085C46D /* OCAST.swift in Sources */,
				5880F10A25B3E1C60085C46D /* OCToken.swift in Sources */,
			);
			runOnlyForDeploymentPostprocessing = 0;
		};
/* End PBXSourcesBuildPhase section */

/* Begin XCBuildConfiguration section */
		585AA09525AE808600D5F5A5 /* Debug */ = {
			isa = XCBuildConfiguration;
			buildSettings = {
				ALWAYS_SEARCH_USER_PATHS = NO;
				CLANG_ANALYZER_NONNULL = YES;
				CLANG_ANALYZER_NUMBER_OBJECT_CONVERSION = YES_AGGRESSIVE;
				CLANG_CXX_LANGUAGE_STANDARD = "gnu++14";
				CLANG_CXX_LIBRARY = "libc++";
				CLANG_ENABLE_MODULES = YES;
				CLANG_ENABLE_OBJC_ARC = YES;
				CLANG_ENABLE_OBJC_WEAK = YES;
				CLANG_WARN_BLOCK_CAPTURE_AUTORELEASING = YES;
				CLANG_WARN_BOOL_CONVERSION = YES;
				CLANG_WARN_COMMA = YES;
				CLANG_WARN_CONSTANT_CONVERSION = YES;
				CLANG_WARN_DEPRECATED_OBJC_IMPLEMENTATIONS = YES;
				CLANG_WARN_DIRECT_OBJC_ISA_USAGE = YES_ERROR;
				CLANG_WARN_DOCUMENTATION_COMMENTS = YES;
				CLANG_WARN_EMPTY_BODY = YES;
				CLANG_WARN_ENUM_CONVERSION = YES;
				CLANG_WARN_INFINITE_RECURSION = YES;
				CLANG_WARN_INT_CONVERSION = YES;
				CLANG_WARN_NON_LITERAL_NULL_CONVERSION = YES;
				CLANG_WARN_OBJC_IMPLICIT_RETAIN_SELF = YES;
				CLANG_WARN_OBJC_LITERAL_CONVERSION = YES;
				CLANG_WARN_OBJC_ROOT_CLASS = YES_ERROR;
				CLANG_WARN_QUOTED_INCLUDE_IN_FRAMEWORK_HEADER = YES;
				CLANG_WARN_RANGE_LOOP_ANALYSIS = YES;
				CLANG_WARN_STRICT_PROTOTYPES = YES;
				CLANG_WARN_SUSPICIOUS_MOVE = YES;
				CLANG_WARN_UNGUARDED_AVAILABILITY = YES_AGGRESSIVE;
				CLANG_WARN_UNREACHABLE_CODE = YES;
				CLANG_WARN__DUPLICATE_METHOD_MATCH = YES;
				COPY_PHASE_STRIP = NO;
				DEBUG_INFORMATION_FORMAT = dwarf;
				ENABLE_STRICT_OBJC_MSGSEND = YES;
				ENABLE_TESTABILITY = YES;
				GCC_C_LANGUAGE_STANDARD = gnu11;
				GCC_DYNAMIC_NO_PIC = NO;
				GCC_NO_COMMON_BLOCKS = YES;
				GCC_OPTIMIZATION_LEVEL = 0;
				GCC_PREPROCESSOR_DEFINITIONS = (
					"DEBUG=1",
					"$(inherited)",
				);
				GCC_WARN_64_TO_32_BIT_CONVERSION = YES;
				GCC_WARN_ABOUT_RETURN_TYPE = YES_ERROR;
				GCC_WARN_UNDECLARED_SELECTOR = YES;
				GCC_WARN_UNINITIALIZED_AUTOS = YES_AGGRESSIVE;
				GCC_WARN_UNUSED_FUNCTION = YES;
				GCC_WARN_UNUSED_VARIABLE = YES;
				MACOSX_DEPLOYMENT_TARGET = 11.1;
				MTL_ENABLE_DEBUG_INFO = INCLUDE_SOURCE;
				MTL_FAST_MATH = YES;
				ONLY_ACTIVE_ARCH = YES;
				SDKROOT = macosx;
				SWIFT_ACTIVE_COMPILATION_CONDITIONS = DEBUG;
				SWIFT_OPTIMIZATION_LEVEL = "-Onone";
			};
			name = Debug;
		};
		585AA09625AE808600D5F5A5 /* Release */ = {
			isa = XCBuildConfiguration;
			buildSettings = {
				ALWAYS_SEARCH_USER_PATHS = NO;
				CLANG_ANALYZER_NONNULL = YES;
				CLANG_ANALYZER_NUMBER_OBJECT_CONVERSION = YES_AGGRESSIVE;
				CLANG_CXX_LANGUAGE_STANDARD = "gnu++14";
				CLANG_CXX_LIBRARY = "libc++";
				CLANG_ENABLE_MODULES = YES;
				CLANG_ENABLE_OBJC_ARC = YES;
				CLANG_ENABLE_OBJC_WEAK = YES;
				CLANG_WARN_BLOCK_CAPTURE_AUTORELEASING = YES;
				CLANG_WARN_BOOL_CONVERSION = YES;
				CLANG_WARN_COMMA = YES;
				CLANG_WARN_CONSTANT_CONVERSION = YES;
				CLANG_WARN_DEPRECATED_OBJC_IMPLEMENTATIONS = YES;
				CLANG_WARN_DIRECT_OBJC_ISA_USAGE = YES_ERROR;
				CLANG_WARN_DOCUMENTATION_COMMENTS = YES;
				CLANG_WARN_EMPTY_BODY = YES;
				CLANG_WARN_ENUM_CONVERSION = YES;
				CLANG_WARN_INFINITE_RECURSION = YES;
				CLANG_WARN_INT_CONVERSION = YES;
				CLANG_WARN_NON_LITERAL_NULL_CONVERSION = YES;
				CLANG_WARN_OBJC_IMPLICIT_RETAIN_SELF = YES;
				CLANG_WARN_OBJC_LITERAL_CONVERSION = YES;
				CLANG_WARN_OBJC_ROOT_CLASS = YES_ERROR;
				CLANG_WARN_QUOTED_INCLUDE_IN_FRAMEWORK_HEADER = YES;
				CLANG_WARN_RANGE_LOOP_ANALYSIS = YES;
				CLANG_WARN_STRICT_PROTOTYPES = YES;
				CLANG_WARN_SUSPICIOUS_MOVE = YES;
				CLANG_WARN_UNGUARDED_AVAILABILITY = YES_AGGRESSIVE;
				CLANG_WARN_UNREACHABLE_CODE = YES;
				CLANG_WARN__DUPLICATE_METHOD_MATCH = YES;
				COPY_PHASE_STRIP = NO;
				DEBUG_INFORMATION_FORMAT = "dwarf-with-dsym";
				ENABLE_NS_ASSERTIONS = NO;
				ENABLE_STRICT_OBJC_MSGSEND = YES;
				GCC_C_LANGUAGE_STANDARD = gnu11;
				GCC_NO_COMMON_BLOCKS = YES;
				GCC_WARN_64_TO_32_BIT_CONVERSION = YES;
				GCC_WARN_ABOUT_RETURN_TYPE = YES_ERROR;
				GCC_WARN_UNDECLARED_SELECTOR = YES;
				GCC_WARN_UNINITIALIZED_AUTOS = YES_AGGRESSIVE;
				GCC_WARN_UNUSED_FUNCTION = YES;
				GCC_WARN_UNUSED_VARIABLE = YES;
				MACOSX_DEPLOYMENT_TARGET = 11.1;
				MTL_ENABLE_DEBUG_INFO = NO;
				MTL_FAST_MATH = YES;
				SDKROOT = macosx;
				SWIFT_COMPILATION_MODE = wholemodule;
				SWIFT_OPTIMIZATION_LEVEL = "-O";
			};
			name = Release;
		};
		585AA09825AE808700D5F5A5 /* Debug */ = {
			isa = XCBuildConfiguration;
			buildSettings = {
				CLANG_ENABLE_MODULES = YES;
				CODE_SIGN_STYLE = Automatic;
				DEVELOPMENT_TEAM = 9BA762PTFR;
				ENABLE_HARDENED_RUNTIME = YES;
				LD_RUNPATH_SEARCH_PATHS = (
					"$(inherited)",
					"@executable_path/../Frameworks",
					"@loader_path/../Frameworks",
				);
				PRODUCT_NAME = "$(TARGET_NAME)";
				SWIFT_OPTIMIZATION_LEVEL = "-Onone";
				SWIFT_VERSION = 5.0;
			};
			name = Debug;
		};
		585AA09925AE808700D5F5A5 /* Release */ = {
			isa = XCBuildConfiguration;
			buildSettings = {
				CLANG_ENABLE_MODULES = YES;
				CODE_SIGN_STYLE = Automatic;
				DEVELOPMENT_TEAM = 9BA762PTFR;
				ENABLE_HARDENED_RUNTIME = YES;
				LD_RUNPATH_SEARCH_PATHS = (
					"$(inherited)",
					"@executable_path/../Frameworks",
					"@loader_path/../Frameworks",
				);
				PRODUCT_NAME = "$(TARGET_NAME)";
				SWIFT_VERSION = 5.0;
			};
			name = Release;
		};
/* End XCBuildConfiguration section */

/* Begin XCConfigurationList section */
		585AA08B25AE808600D5F5A5 /* Build configuration list for PBXProject "OCStaticAnalysis" */ = {
			isa = XCConfigurationList;
			buildConfigurations = (
				585AA09525AE808600D5F5A5 /* Debug */,
				585AA09625AE808600D5F5A5 /* Release */,
			);
			defaultConfigurationIsVisible = 0;
			defaultConfigurationName = Release;
		};
		585AA09725AE808700D5F5A5 /* Build configuration list for PBXNativeTarget "OCStaticAnalysis" */ = {
			isa = XCConfigurationList;
			buildConfigurations = (
				585AA09825AE808700D5F5A5 /* Debug */,
				585AA09925AE808700D5F5A5 /* Release */,
			);
			defaultConfigurationIsVisible = 0;
			defaultConfigurationName = Release;
		};
/* End XCConfigurationList section */
	};
	rootObject = 585AA08825AE808600D5F5A5 /* Project object */;
}
